
Microsoft Visual Studio Solution File, Format Version 12.00
# Visual Studio Version 17
VisualStudioVersion = 17.10.34928.147
MinimumVisualStudioVersion = 10.0.40219.1
Project("{FAE04EC0-301F-11D3-BF4B-00C04F79EFBC}") = "laptopchik", "laptopchik\laptopchik.csproj", "{6BEE9704-404A-4E30-8001-124EE534C1F8}"
EndProject
Global
	GlobalSection(SolutionConfigurationPlatforms) = preSolution
		Debug|Any CPU = Debug|Any CPU
		Release|Any CPU = Release|Any CPU
	EndGlobalSection
	GlobalSection(ProjectConfigurationPlatforms) = postSolution
		{6BEE9704-404A-4E30-8001-124EE534C1F8}.Debug|Any CPU.ActiveCfg = Debug|Any CPU
		{6BEE9704-404A-4E30-8001-124EE534C1F8}.Debug|Any CPU.Build.0 = Debug|Any CPU
		{6BEE9704-404A-4E30-8001-124EE534C1F8}.Release|Any CPU.ActiveCfg = Release|Any CPU
		{6BEE9704-404A-4E30-8001-124EE534C1F8}.Release|Any CPU.Build.0 = Release|Any CPU
	EndGlobalSection
	GlobalSection(SolutionProperties) = preSolution
		HideSolutionNode = FALSE
	EndGlobalSection
	GlobalSection(ExtensibilityGlobals) = postSolution
		SolutionGuid = {65CDADF8-F296-4AC3-9093-390519A8CB7E}
	EndGlobalSection
EndGlobal
